{
    "hash": "a2b32d7a2208ec62086905aa5746b12d",
    "packages": [
        {
            "package": "doctrine/common",
            "version": "dev-master",
            "alias-pretty-version": "2.4.x-dev",
            "alias-version": "2.4.9999999.9999999-dev"
        },
        {
            "package": "doctrine/common",
            "version": "dev-master",
            "source-reference": "329d90ab8d6ed4c0b422d631caa5594c77c12055",
            "commit-date": "1345128430"
        },
        {
            "package": "doctrine/dbal",
            "version": "2.1.x-dev",
            "source-reference": "76799960a54af583e82bedcf246e8c9c18006e94",
            "commit-date": "1338146238"
        },
        {
            "package": "monolog/monolog",
            "version": "1.1.0"
        },
        {
            "package": "pimple/pimple",
            "version": "dev-master",
            "alias-pretty-version": "1.0.x-dev",
            "alias-version": "1.0.9999999.9999999-dev"
        },
        {
            "package": "pimple/pimple",
            "version": "dev-master",
            "source-reference": "db836b8cfadc0f39dacafa2bf311a1ab603600bb",
            "commit-date": "1343051648"
        },
        {
            "package": "silex/silex",
            "version": "dev-master",
            "alias-pretty-version": "1.0.x-dev",
            "alias-version": "1.0.9999999.9999999-dev"
        },
        {
            "package": "silex/silex",
            "version": "dev-master",
            "source-reference": "ad563dde113092aa603e2b399d10ea43aece8006",
            "commit-date": "1347084669"
        },
        {
            "package": "swiftmailer/swiftmailer",
            "version": "v4.1.8"
        },
        {
            "package": "symfony/browser-kit",
            "version": "2.1.x-dev",
            "source-reference": "v2.1.0-RC2",
            "commit-date": "1345643321"
        },
        {
            "package": "symfony/config",
            "version": "2.1.x-dev",
            "source-reference": "v2.1.0-RC2",
            "commit-date": "1345643321"
        },
        {
            "package": "symfony/console",
            "version": "2.1.x-dev",
            "source-reference": "v2.1.0",
            "commit-date": "1345643321"
        },
        {
            "package": "symfony/css-selector",
            "version": "2.1.x-dev",
            "source-reference": "v2.1.0-RC2",
            "commit-date": "1345643321"
        },
        {
            "package": "symfony/dom-crawler",
            "version": "2.1.x-dev",
            "source-reference": "v2.1.0-RC2",
            "commit-date": "1346140482"
        },
        {
            "package": "symfony/event-dispatcher",
            "version": "2.1.x-dev",
            "source-reference": "v2.1.0-RC2",
            "commit-date": "1345643321"
        },
        {
            "package": "symfony/filesystem",
            "version": "2.1.x-dev",
            "source-reference": "v2.1.0-RC2",
            "commit-date": "1345643321"
        },
        {
            "package": "symfony/finder",
            "version": "2.1.x-dev",
            "source-reference": "v2.1.0",
            "commit-date": "1345643321"
        },
        {
            "package": "symfony/form",
            "version": "2.1.x-dev",
            "source-reference": "v2.1.0",
            "commit-date": "1346416467"
        },
        {
            "package": "symfony/http-foundation",
            "version": "2.1.x-dev",
            "source-reference": "v2.1.0",
            "commit-date": "1346761482"
        },
        {
            "package": "symfony/http-kernel",
            "version": "2.1.x-dev",
            "source-reference": "ec5cdb100c20537e9d806facd4d121c985658e8b",
            "commit-date": "1346926323"
        },
        {
            "package": "symfony/locale",
            "version": "2.1.x-dev",
            "source-reference": "v2.1.0",
            "commit-date": "1345643321"
        },
        {
            "package": "symfony/monolog-bridge",
            "version": "2.1.x-dev",
            "source-reference": "v2.1.0",
            "commit-date": "1345973524"
        },
        {
            "package": "symfony/options-resolver",
            "version": "2.1.x-dev",
            "source-reference": "v2.1.0-RC2",
            "commit-date": "1345643321"
        },
        {
            "package": "symfony/process",
            "version": "2.1.x-dev",
            "source-reference": "v2.1.0",
            "commit-date": "1346330945"
        },
        {
            "package": "symfony/routing",
            "version": "2.1.x-dev",
            "source-reference": "v2.1.0",
            "commit-date": "1346859854"
        },
        {
            "package": "symfony/security",
            "version": "2.1.x-dev",
            "source-reference": "v2.1.0",
            "commit-date": "1346770195"
        },
        {
            "package": "symfony/serializer",
            "version": "2.1.x-dev",
            "source-reference": "v2.1.0",
            "commit-date": "1346140482"
        },
        {
            "package": "symfony/translation",
            "version": "2.1.x-dev",
            "source-reference": "v2.1.0",
            "commit-date": "1346140482"
        },
        {
            "package": "symfony/twig-bridge",
            "version": "2.1.x-dev",
            "source-reference": "v2.1.0",
            "commit-date": "1345643321"
        },
        {
            "package": "symfony/validator",
            "version": "2.1.x-dev",
            "source-reference": "v2.1.0",
            "commit-date": "1346320387"
        },
        {
            "package": "twig/twig",
            "version": "dev-master",
            "alias-pretty-version": "1.9.x-dev",
            "alias-version": "1.9.9999999.9999999-dev"
        },
        {
            "package": "twig/twig",
            "version": "dev-master",
            "source-reference": "68b8c4619c5bbe82bd345fe56070dec8c356610a",
            "commit-date": "1347025342"
        }
    ],
    "packages-dev": null,
    "aliases": [

    ],
    "minimum-stability": "dev",
    "stability-flags": [

    ]
}
